// !$*UTF8*$!
{
	archiveVersion = 1;
	classes = {
	};
	objectVersion = 50;
	objects = {

/* Begin PBXBuildFile section */
		9F781E9425A6918D00FE5A45 /* AppDelegate.swift in Sources */ = {isa = PBXBuildFile; fileRef = 9F781E9325A6918D00FE5A45 /* AppDelegate.swift */; };
		9F781E9625A6918D00FE5A45 /* SceneDelegate.swift in Sources */ = {isa = PBXBuildFile; fileRef = 9F781E9525A6918D00FE5A45 /* SceneDelegate.swift */; };
		9F781E9825A6918D00FE5A45 /* ViewController.swift in Sources */ = {isa = PBXBuildFile; fileRef = 9F781E9725A6918D00FE5A45 /* ViewController.swift */; };
		9F781E9B25A6918D00FE5A45 /* Main.storyboard in Resources */ = {isa = PBXBuildFile; fileRef = 9F781E9925A6918D00FE5A45 /* Main.storyboard */; };
		9F781E9D25A6918F00FE5A45 /* Assets.xcassets in Resources */ = {isa = PBXBuildFile; fileRef = 9F781E9C25A6918F00FE5A45 /* Assets.xcassets */; };
		9F781EA025A6918F00FE5A45 /* LaunchScreen.storyboard in Resources */ = {isa = PBXBuildFile; fileRef = 9F781E9E25A6918F00FE5A45 /* LaunchScreen.storyboard */; };
		9F781EAB25A6919000FE5A45 /* Prework_TipperTests.swift in Sources */ = {isa = PBXBuildFile; fileRef = 9F781EAA25A6919000FE5A45 /* Prework_TipperTests.swift */; };
		9F781EB625A6919000FE5A45 /* Prework_TipperUITests.swift in Sources */ = {isa = PBXBuildFile; fileRef = 9F781EB525A6919000FE5A45 /* Prework_TipperUITests.swift */; };
/* End PBXBuildFile section */

/* Begin PBXContainerItemProxy section */
		9F781EA725A6919000FE5A45 /* PBXContainerItemProxy */ = {
			isa = PBXContainerItemProxy;
			containerPortal = 9F781E8825A6918D00FE5A45 /* Project object */;
			proxyType = 1;
			remoteGlobalIDString = 9F781E8F25A6918D00FE5A45;
			remoteInfo = "Prework Tipper";
		};
		9F781EB225A6919000FE5A45 /* PBXContainerItemProxy */ = {
			isa = PBXContainerItemProxy;
			containerPortal = 9F781E8825A6918D00FE5A45 /* Project object */;
			proxyType = 1;
			remoteGlobalIDString = 9F781E8F25A6918D00FE5A45;
			remoteInfo = "Prework Tipper";
		};
/* End PBXContainerItemProxy section */

/* Begin PBXFileReference section */
		9F781E9025A6918D00FE5A45 /* Prework Tipper.app */ = {isa = PBXFileReference; explicitFileType = wrapper.application; includeInIndex = 0; path = "Prework Tipper.app"; sourceTree = BUILT_PRODUCTS_DIR; };
		9F781E9325A6918D00FE5A45 /* AppDelegate.swift */ = {isa = PBXFileReference; lastKnownFileType = sourcecode.swift; path = AppDelegate.swift; sourceTree = "<group>"; };
		9F781E9525A6918D00FE5A45 /* SceneDelegate.swift */ = {isa = PBXFileReference; lastKnownFileType = sourcecode.swift; path = SceneDelegate.swift; sourceTree = "<group>"; };
		9F781E9725A6918D00FE5A45 /* ViewController.swift */ = {isa = PBXFileReference; lastKnownFileType = sourcecode.swift; path = ViewController.swift; sourceTree = "<group>"; };
		9F781E9A25A6918D00FE5A45 /* Base */ = {isa = PBXFileReference; lastKnownFileType = file.storyboard; name = Base; path = Base.lproj/Main.storyboard; sourceTree = "<group>"; };
		9F781E9C25A6918F00FE5A45 /* Assets.xcassets */ = {isa = PBXFileReference; lastKnownFileType = folder.assetcatalog; path = Assets.xcassets; sourceTree = "<group>"; };
		9F781E9F25A6918F00FE5A45 /* Base */ = {isa = PBXFileReference; lastKnownFileType = file.storyboard; name = Base; path = Base.lproj/LaunchScreen.storyboard; sourceTree = "<group>"; };
		9F781EA125A6918F00FE5A45 /* Info.plist */ = {isa = PBXFileReference; lastKnownFileType = text.plist.xml; path = Info.plist; sourceTree = "<group>"; };
		9F781EA625A6919000FE5A45 /* Prework TipperTests.xctest */ = {isa = PBXFileReference; explicitFileType = wrapper.cfbundle; includeInIndex = 0; path = "Prework TipperTests.xctest"; sourceTree = BUILT_PRODUCTS_DIR; };
		9F781EAA25A6919000FE5A45 /* Prework_TipperTests.swift */ = {isa = PBXFileReference; lastKnownFileType = sourcecode.swift; path = Prework_TipperTests.swift; sourceTree = "<group>"; };
		9F781EAC25A6919000FE5A45 /* Info.plist */ = {isa = PBXFileReference; lastKnownFileType = text.plist.xml; path = Info.plist; sourceTree = "<group>"; };
		9F781EB125A6919000FE5A45 /* Prework TipperUITests.xctest */ = {isa = PBXFileReference; explicitFileType = wrapper.cfbundle; includeInIndex = 0; path = "Prework TipperUITests.xctest"; sourceTree = BUILT_PRODUCTS_DIR; };
		9F781EB525A6919000FE5A45 /* Prework_TipperUITests.swift */ = {isa = PBXFileReference; lastKnownFileType = sourcecode.swift; path = Prework_TipperUITests.swift; sourceTree = "<group>"; };
		9F781EB725A6919000FE5A45 /* Info.plist */ = {isa = PBXFileReference; lastKnownFileType = text.plist.xml; path = Info.plist; sourceTree = "<group>"; };
/* End PBXFileReference section */

/* Begin PBXFrameworksBuildPhase section */
		9F781E8D25A6918D00FE5A45 /* Frameworks */ = {
			isa = PBXFrameworksBuildPhase;
			buildActionMask = 2147483647;
			files = (
			);
			runOnlyForDeploymentPostprocessing = 0;
		};
		9F781EA325A6919000FE5A45 /* Frameworks */ = {
			isa = PBXFrameworksBuildPhase;
			buildActionMask = 2147483647;
			files = (
			);
			runOnlyForDeploymentPostprocessing = 0;
		};
		9F781EAE25A6919000FE5A45 /* Frameworks */ = {
			isa = PBXFrameworksBuildPhase;
			buildActionMask = 2147483647;
			files = (
			);
			runOnlyForDeploymentPostprocessing = 0;
		};
/* End PBXFrameworksBuildPhase section */

/* Begin PBXGroup section */
		9F781E8725A6918D00FE5A45 = {
			isa = PBXGroup;
			children = (
				9F781E9225A6918D00FE5A45 /* Prework Tipper */,
				9F781EA925A6919000FE5A45 /* Prework TipperTests */,
				9F781EB425A6919000FE5A45 /* Prework TipperUITests */,
				9F781E9125A6918D00FE5A45 /* Products */,
			);
			sourceTree = "<group>";
		};
		9F781E9125A6918D00FE5A45 /* Products */ = {
			isa = PBXGroup;
			children = (
				9F781E9025A6918D00FE5A45 /* Prework Tipper.app */,
				9F781EA625A6919000FE5A45 /* Prework TipperTests.xctest */,
				9F781EB125A6919000FE5A45 /* Prework TipperUITests.xctest */,
			);
			name = Products;
			sourceTree = "<group>";
		};
		9F781E9225A6918D00FE5A45 /* Prework Tipper */ = {
			isa = PBXGroup;
			children = (
				9F781E9325A6918D00FE5A45 /* AppDelegate.swift */,
				9F781E9525A6918D00FE5A45 /* SceneDelegate.swift */,
				9F781E9725A6918D00FE5A45 /* ViewController.swift */,
				9F781E9925A6918D00FE5A45 /* Main.storyboard */,
				9F781E9C25A6918F00FE5A45 /* Assets.xcassets */,
				9F781E9E25A6918F00FE5A45 /* LaunchScreen.storyboard */,
				9F781EA125A6918F00FE5A45 /* Info.plist */,
			);
			path = "Prework Tipper";
			sourceTree = "<group>";
		};
		9F781EA925A6919000FE5A45 /* Prework TipperTests */ = {
			isa = PBXGroup;
			children = (
				9F781EAA25A6919000FE5A45 /* Prework_TipperTests.swift */,
				9F781EAC25A6919000FE5A45 /* Info.plist */,
			);
			path = "Prework TipperTests";
			sourceTree = "<group>";
		};
		9F781EB425A6919000FE5A45 /* Prework TipperUITests */ = {
			isa = PBXGroup;
			children = (
				9F781EB525A6919000FE5A45 /* Prework_TipperUITests.swift */,
				9F781EB725A6919000FE5A45 /* Info.plist */,
			);
			path = "Prework TipperUITests";
			sourceTree = "<group>";
		};
/* End PBXGroup section */

/* Begin PBXNativeTarget section */
		9F781E8F25A6918D00FE5A45 /* Prework Tipper */ = {
			isa = PBXNativeTarget;
			buildConfigurationList = 9F781EBA25A6919000FE5A45 /* Build configuration list for PBXNativeTarget "Prework Tipper" */;
			buildPhases = (
				9F781E8C25A6918D00FE5A45 /* Sources */,
				9F781E8D25A6918D00FE5A45 /* Frameworks */,
				9F781E8E25A6918D00FE5A45 /* Resources */,
			);
			buildRules = (
			);
			dependencies = (
			);
			name = "Prework Tipper";
			productName = "Prework Tipper";
			productReference = 9F781E9025A6918D00FE5A45 /* Prework Tipper.app */;
			productType = "com.apple.product-type.application";
		};
		9F781EA525A6919000FE5A45 /* Prework TipperTests */ = {
			isa = PBXNativeTarget;
			buildConfigurationList = 9F781EBD25A6919000FE5A45 /* Build configuration list for PBXNativeTarget "Prework TipperTests" */;
			buildPhases = (
				9F781EA225A6919000FE5A45 /* Sources */,
				9F781EA325A6919000FE5A45 /* Frameworks */,
				9F781EA425A6919000FE5A45 /* Resources */,
			);
			buildRules = (
			);
			dependencies = (
				9F781EA825A6919000FE5A45 /* PBXTargetDependency */,
			);
			name = "Prework TipperTests";
			productName = "Prework TipperTests";
			productReference = 9F781EA625A6919000FE5A45 /* Prework TipperTests.xctest */;
			productType = "com.apple.product-type.bundle.unit-test";
		};
		9F781EB025A6919000FE5A45 /* Prework TipperUITests */ = {
			isa = PBXNativeTarget;
			buildConfigurationList = 9F781EC025A6919000FE5A45 /* Build configuration list for PBXNativeTarget "Prework TipperUITests" */;
			buildPhases = (
				9F781EAD25A6919000FE5A45 /* Sources */,
				9F781EAE25A6919000FE5A45 /* Frameworks */,
				9F781EAF25A6919000FE5A45 /* Resources */,
			);
			buildRules = (
			);
			dependencies = (
				9F781EB325A6919000FE5A45 /* PBXTargetDependency */,
			);
			name = "Prework TipperUITests";
			productName = "Prework TipperUITests";
			productReference = 9F781EB125A6919000FE5A45 /* Prework TipperUITests.xctest */;
			productType = "com.apple.product-type.bundle.ui-testing";
		};
/* End PBXNativeTarget section */

/* Begin PBXProject section */
		9F781E8825A6918D00FE5A45 /* Project object */ = {
			isa = PBXProject;
			attributes = {
				LastSwiftUpdateCheck = 1230;
				LastUpgradeCheck = 1230;
				TargetAttributes = {
					9F781E8F25A6918D00FE5A45 = {
						CreatedOnToolsVersion = 12.3;
					};
					9F781EA525A6919000FE5A45 = {
						CreatedOnToolsVersion = 12.3;
						TestTargetID = 9F781E8F25A6918D00FE5A45;
					};
					9F781EB025A6919000FE5A45 = {
						CreatedOnToolsVersion = 12.3;
						TestTargetID = 9F781E8F25A6918D00FE5A45;
					};
				};
			};
			buildConfigurationList = 9F781E8B25A6918D00FE5A45 /* Build configuration list for PBXProject "Prework Tipper" */;
			compatibilityVersion = "Xcode 9.3";
			developmentRegion = en;
			hasScannedForEncodings = 0;
			knownRegions = (
				en,
				Base,
			);
			mainGroup = 9F781E8725A6918D00FE5A45;
			productRefGroup = 9F781E9125A6918D00FE5A45 /* Products */;
			projectDirPath = "";
			projectRoot = "";
			targets = (
				9F781E8F25A6918D00FE5A45 /* Prework Tipper */,
				9F781EA525A6919000FE5A45 /* Prework TipperTests */,
				9F781EB025A6919000FE5A45 /* Prework TipperUITests */,
			);
		};
/* End PBXProject section */

/* Begin PBXResourcesBuildPhase section */
		9F781E8E25A6918D00FE5A45 /* Resources */ = {
			isa = PBXResourcesBuildPhase;
			buildActionMask = 2147483647;
			files = (
				9F781EA025A6918F00FE5A45 /* LaunchScreen.storyboard in Resources */,
				9F781E9D25A6918F00FE5A45 /* Assets.xcassets in Resources */,
				9F781E9B25A6918D00FE5A45 /* Main.storyboard in Resources */,
			);
			runOnlyForDeploymentPostprocessing = 0;
		};
		9F781EA425A6919000FE5A45 /* Resources */ = {
			isa = PBXResourcesBuildPhase;
			buildActionMask = 2147483647;
			files = (
			);
			runOnlyForDeploymentPostprocessing = 0;
		};
		9F781EAF25A6919000FE5A45 /* Resources */ = {
			isa = PBXResourcesBuildPhase;
			buildActionMask = 2147483647;
			files = (
			);
			runOnlyForDeploymentPostprocessing = 0;
		};
/* End PBXResourcesBuildPhase section */

/* Begin PBXSourcesBuildPhase section */
		9F781E8C25A6918D00FE5A45 /* Sources */ = {
			isa = PBXSourcesBuildPhase;
			buildActionMask = 2147483647;
			files = (
				9F781E9825A6918D00FE5A45 /* ViewController.swift in Sources */,
				9F781E9425A6918D00FE5A45 /* AppDelegate.swift in Sources */,
				9F781E9625A6918D00FE5A45 /* SceneDelegate.swift in Sources */,
			);
			runOnlyForDeploymentPostprocessing = 0;
		};
		9F781EA225A6919000FE5A45 /* Sources */ = {
			isa = PBXSourcesBuildPhase;
			buildActionMask = 2147483647;
			files = (
				9F781EAB25A6919000FE5A45 /* Prework_TipperTests.swift in Sources */,
			);
			runOnlyForDeploymentPostprocessing = 0;
		};
		9F781EAD25A6919000FE5A45 /* Sources */ = {
			isa = PBXSourcesBuildPhase;
			buildActionMask = 2147483647;
			files = (
				9F781EB625A6919000FE5A45 /* Prework_TipperUITests.swift in Sources */,
			);
			runOnlyForDeploymentPostprocessing = 0;
		};
/* End PBXSourcesBuildPhase section */

/* Begin PBXTargetDependency section */
		9F781EA825A6919000FE5A45 /* PBXTargetDependency */ = {
			isa = PBXTargetDependency;
			target = 9F781E8F25A6918D00FE5A45 /* Prework Tipper */;
			targetProxy = 9F781EA725A6919000FE5A45 /* PBXContainerItemProxy */;
		};
		9F781EB325A6919000FE5A45 /* PBXTargetDependency */ = {
			isa = PBXTargetDependency;
			target = 9F781E8F25A6918D00FE5A45 /* Prework Tipper */;
			targetProxy = 9F781EB225A6919000FE5A45 /* PBXContainerItemProxy */;
		};
/* End PBXTargetDependency section */

/* Begin PBXVariantGroup section */
		9F781E9925A6918D00FE5A45 /* Main.storyboard */ = {
			isa = PBXVariantGroup;
			children = (
				9F781E9A25A6918D00FE5A45 /* Base */,
			);
			name = Main.storyboard;
			sourceTree = "<group>";
		};
		9F781E9E25A6918F00FE5A45 /* LaunchScreen.storyboard */ = {
			isa = PBXVariantGroup;
			children = (
				9F781E9F25A6918F00FE5A45 /* Base */,
			);
			name = LaunchScreen.storyboard;
			sourceTree = "<group>";
		};
/* End PBXVariantGroup section */

/* Begin XCBuildConfiguration section */
		9F781EB825A6919000FE5A45 /* Debug */ = {
			isa = XCBuildConfiguration;
			buildSettings = {
				ALWAYS_SEARCH_USER_PATHS = NO;
				CLANG_ANALYZER_NONNULL = YES;
				CLANG_ANALYZER_NUMBER_OBJECT_CONVERSION = YES_AGGRESSIVE;
				CLANG_CXX_LANGUAGE_STANDARD = "gnu++14";
				CLANG_CXX_LIBRARY = "libc++";
				CLANG_ENABLE_MODULES = YES;
				CLANG_ENABLE_OBJC_ARC = YES;
				CLANG_ENABLE_OBJC_WEAK = YES;
				CLANG_WARN_BLOCK_CAPTURE_AUTORELEASING = YES;
				CLANG_WARN_BOOL_CONVERSION = YES;
				CLANG_WARN_COMMA = YES;
				CLANG_WARN_CONSTANT_CONVERSION = YES;
				CLANG_WARN_DEPRECATED_OBJC_IMPLEMENTATIONS = YES;
				CLANG_WARN_DIRECT_OBJC_ISA_USAGE = YES_ERROR;
				CLANG_WARN_DOCUMENTATION_COMMENTS = YES;
				CLANG_WARN_EMPTY_BODY = YES;
				CLANG_WARN_ENUM_CONVERSION = YES;
				CLANG_WARN_INFINITE_RECURSION = YES;
				CLANG_WARN_INT_CONVERSION = YES;
				CLANG_WARN_NON_LITERAL_NULL_CONVERSION = YES;
				CLANG_WARN_OBJC_IMPLICIT_RETAIN_SELF = YES;
				CLANG_WARN_OBJC_LITERAL_CONVERSION = YES;
				CLANG_WARN_OBJC_ROOT_CLASS = YES_ERROR;
				CLANG_WARN_QUOTED_INCLUDE_IN_FRAMEWORK_HEADER = YES;
				CLANG_WARN_RANGE_LOOP_ANALYSIS = YES;
				CLANG_WARN_STRICT_PROTOTYPES = YES;
				CLANG_WARN_SUSPICIOUS_MOVE = YES;
				CLANG_WARN_UNGUARDED_AVAILABILITY = YES_AGGRESSIVE;
				CLANG_WARN_UNREACHABLE_CODE = YES;
				CLANG_WARN__DUPLICATE_METHOD_MATCH = YES;
				COPY_PHASE_STRIP = NO;
				DEBUG_INFORMATION_FORMAT = dwarf;
				ENABLE_STRICT_OBJC_MSGSEND = YES;
				ENABLE_TESTABILITY = YES;
				GCC_C_LANGUAGE_STANDARD = gnu11;
				GCC_DYNAMIC_NO_PIC = NO;
				GCC_NO_COMMON_BLOCKS = YES;
				GCC_OPTIMIZATION_LEVEL = 0;
				GCC_PREPROCESSOR_DEFINITIONS = (
					"DEBUG=1",
					"$(inherited)",
				);
				GCC_WARN_64_TO_32_BIT_CONVERSION = YES;
				GCC_WARN_ABOUT_RETURN_TYPE = YES_ERROR;
				GCC_WARN_UNDECLARED_SELECTOR = YES;
				GCC_WARN_UNINITIALIZED_AUTOS = YES_AGGRESSIVE;
				GCC_WARN_UNUSED_FUNCTION = YES;
				GCC_WARN_UNUSED_VARIABLE = YES;
				IPHONEOS_DEPLOYMENT_TARGET = 14.3;
				MTL_ENABLE_DEBUG_INFO = INCLUDE_SOURCE;
				MTL_FAST_MATH = YES;
				ONLY_ACTIVE_ARCH = YES;
				SDKROOT = iphoneos;
				SWIFT_ACTIVE_COMPILATION_CONDITIONS = DEBUG;
				SWIFT_OPTIMIZATION_LEVEL = "-Onone";
			};
			name = Debug;
		};
		9F781EB925A6919000FE5A45 /* Release */ = {
			isa = XCBuildConfiguration;
			buildSettings = {
				ALWAYS_SEARCH_USER_PATHS = NO;
				CLANG_ANALYZER_NONNULL = YES;
				CLANG_ANALYZER_NUMBER_OBJECT_CONVERSION = YES_AGGRESSIVE;
				CLANG_CXX_LANGUAGE_STANDARD = "gnu++14";
				CLANG_CXX_LIBRARY = "libc++";
				CLANG_ENABLE_MODULES = YES;
				CLANG_ENABLE_OBJC_ARC = YES;
				CLANG_ENABLE_OBJC_WEAK = YES;
				CLANG_WARN_BLOCK_CAPTURE_AUTORELEASING = YES;
				CLANG_WARN_BOOL_CONVERSION = YES;
				CLANG_WARN_COMMA = YES;
				CLANG_WARN_CONSTANT_CONVERSION = YES;
				CLANG_WARN_DEPRECATED_OBJC_IMPLEMENTATIONS = YES;
				CLANG_WARN_DIRECT_OBJC_ISA_USAGE = YES_ERROR;
				CLANG_WARN_DOCUMENTATION_COMMENTS = YES;
				CLANG_WARN_EMPTY_BODY = YES;
				CLANG_WARN_ENUM_CONVERSION = YES;
				CLANG_WARN_INFINITE_RECURSION = YES;
				CLANG_WARN_INT_CONVERSION = YES;
				CLANG_WARN_NON_LITERAL_NULL_CONVERSION = YES;
				CLANG_WARN_OBJC_IMPLICIT_RETAIN_SELF = YES;
				CLANG_WARN_OBJC_LITERAL_CONVERSION = YES;
				CLANG_WARN_OBJC_ROOT_CLASS = YES_ERROR;
				CLANG_WARN_QUOTED_INCLUDE_IN_FRAMEWORK_HEADER = YES;
				CLANG_WARN_RANGE_LOOP_ANALYSIS = YES;
				CLANG_WARN_STRICT_PROTOTYPES = YES;
				CLANG_WARN_SUSPICIOUS_MOVE = YES;
				CLANG_WARN_UNGUARDED_AVAILABILITY = YES_AGGRESSIVE;
				CLANG_WARN_UNREACHABLE_CODE = YES;
				CLANG_WARN__DUPLICATE_METHOD_MATCH = YES;
				COPY_PHASE_STRIP = NO;
				DEBUG_INFORMATION_FORMAT = "dwarf-with-dsym";
				ENABLE_NS_ASSERTIONS = NO;
				ENABLE_STRICT_OBJC_MSGSEND = YES;
				GCC_C_LANGUAGE_STANDARD = gnu11;
				GCC_NO_COMMON_BLOCKS = YES;
				GCC_WARN_64_TO_32_BIT_CONVERSION = YES;
				GCC_WARN_ABOUT_RETURN_TYPE = YES_ERROR;
				GCC_WARN_UNDECLARED_SELECTOR = YES;
				GCC_WARN_UNINITIALIZED_AUTOS = YES_AGGRESSIVE;
				GCC_WARN_UNUSED_FUNCTION = YES;
				GCC_WARN_UNUSED_VARIABLE = YES;
				IPHONEOS_DEPLOYMENT_TARGET = 14.3;
				MTL_ENABLE_DEBUG_INFO = NO;
				MTL_FAST_MATH = YES;
				SDKROOT = iphoneos;
				SWIFT_COMPILATION_MODE = wholemodule;
				SWIFT_OPTIMIZATION_LEVEL = "-O";
				VALIDATE_PRODUCT = YES;
			};
			name = Release;
		};
		9F781EBB25A6919000FE5A45 /* Debug */ = {
			isa = XCBuildConfiguration;
			buildSettings = {
				ASSETCATALOG_COMPILER_APPICON_NAME = AppIcon;
				ASSETCATALOG_COMPILER_GLOBAL_ACCENT_COLOR_NAME = AccentColor;
				CODE_SIGN_STYLE = Automatic;
				INFOPLIST_FILE = "Prework Tipper/Info.plist";
				LD_RUNPATH_SEARCH_PATHS = (
					"$(inherited)",
					"@executable_path/Frameworks",
				);
				PRODUCT_BUNDLE_IDENTIFIER = "com.pixelbanks.Prework-Tipper";
				PRODUCT_NAME = "$(TARGET_NAME)";
				SWIFT_VERSION = 5.0;
				TARGETED_DEVICE_FAMILY = "1,2";
			};
			name = Debug;
		};
		9F781EBC25A6919000FE5A45 /* Release */ = {
			isa = XCBuildConfiguration;
			buildSettings = {
				ASSETCATALOG_COMPILER_APPICON_NAME = AppIcon;
				ASSETCATALOG_COMPILER_GLOBAL_ACCENT_COLOR_NAME = AccentColor;
				CODE_SIGN_STYLE = Automatic;
				INFOPLIST_FILE = "Prework Tipper/Info.plist";
				LD_RUNPATH_SEARCH_PATHS = (
					"$(inherited)",
					"@executable_path/Frameworks",
				);
				PRODUCT_BUNDLE_IDENTIFIER = "com.pixelbanks.Prework-Tipper";
				PRODUCT_NAME = "$(TARGET_NAME)";
				SWIFT_VERSION = 5.0;
				TARGETED_DEVICE_FAMILY = "1,2";
			};
			name = Release;
		};
		9F781EBE25A6919000FE5A45 /* Debug */ = {
			isa = XCBuildConfiguration;
			buildSettings = {
				ALWAYS_EMBED_SWIFT_STANDARD_LIBRARIES = YES;
				BUNDLE_LOADER = "$(TEST_HOST)";
				CODE_SIGN_STYLE = Automatic;
				INFOPLIST_FILE = "Prework TipperTests/Info.plist";
				IPHONEOS_DEPLOYMENT_TARGET = 14.3;
				LD_RUNPATH_SEARCH_PATHS = (
					"$(inherited)",
					"@executable_path/Frameworks",
					"@loader_path/Frameworks",
				);
				PRODUCT_BUNDLE_IDENTIFIER = "com.pixelbanks.Prework-TipperTests";
				PRODUCT_NAME = "$(TARGET_NAME)";
				SWIFT_VERSION = 5.0;
				TARGETED_DEVICE_FAMILY = "1,2";
				TEST_HOST = "$(BUILT_PRODUCTS_DIR)/Prework Tipper.app/Prework Tipper";
			};
			name = Debug;
		};
		9F781EBF25A6919000FE5A45 /* Release */ = {
			isa = XCBuildConfiguration;
			buildSettings = {
				ALWAYS_EMBED_SWIFT_STANDARD_LIBRARIES = YES;
				BUNDLE_LOADER = "$(TEST_HOST)";
				CODE_SIGN_STYLE = Automatic;
				INFOPLIST_FILE = "Prework TipperTests/Info.plist";
				IPHONEOS_DEPLOYMENT_TARGET = 14.3;
				LD_RUNPATH_SEARCH_PATHS = (
					"$(inherited)",
					"@executable_path/Frameworks",
					"@loader_path/Frameworks",
				);
				PRODUCT_BUNDLE_IDENTIFIER = "com.pixelbanks.Prework-TipperTests";
				PRODUCT_NAME = "$(TARGET_NAME)";
				SWIFT_VERSION = 5.0;
				TARGETED_DEVICE_FAMILY = "1,2";
				TEST_HOST = "$(BUILT_PRODUCTS_DIR)/Prework Tipper.app/Prework Tipper";
			};
			name = Release;
		};
		9F781EC125A6919000FE5A45 /* Debug */ = {
			isa = XCBuildConfiguration;
			buildSettings = {
				ALWAYS_EMBED_SWIFT_STANDARD_LIBRARIES = YES;
				CODE_SIGN_STYLE = Automatic;
				INFOPLIST_FILE = "Prework TipperUITests/Info.plist";
				LD_RUNPATH_SEARCH_PATHS = (
					"$(inherited)",
					"@executable_path/Frameworks",
					"@loader_path/Frameworks",
				);
				PRODUCT_BUNDLE_IDENTIFIER = "com.pixelbanks.Prework-TipperUITests";
				PRODUCT_NAME = "$(TARGET_NAME)";
				SWIFT_VERSION = 5.0;
				TARGETED_DEVICE_FAMILY = "1,2";
				TEST_TARGET_NAME = "Prework Tipper";
			};
			name = Debug;
		};
		9F781EC225A6919000FE5A45 /* Release */ = {
			isa = XCBuildConfiguration;
			buildSettings = {
				ALWAYS_EMBED_SWIFT_STANDARD_LIBRARIES = YES;
				CODE_SIGN_STYLE = Automatic;
				INFOPLIST_FILE = "Prework TipperUITests/Info.plist";
				LD_RUNPATH_SEARCH_PATHS = (
					"$(inherited)",
					"@executable_path/Frameworks",
					"@loader_path/Frameworks",
				);
				PRODUCT_BUNDLE_IDENTIFIER = "com.pixelbanks.Prework-TipperUITests";
				PRODUCT_NAME = "$(TARGET_NAME)";
				SWIFT_VERSION = 5.0;
				TARGETED_DEVICE_FAMILY = "1,2";
				TEST_TARGET_NAME = "Prework Tipper";
			};
			name = Release;
		};
/* End XCBuildConfiguration section */

/* Begin XCConfigurationList section */
		9F781E8B25A6918D00FE5A45 /* Build configuration list for PBXProject "Prework Tipper" */ = {
			isa = XCConfigurationList;
			buildConfigurations = (
				9F781EB825A6919000FE5A45 /* Debug */,
				9F781EB925A6919000FE5A45 /* Release */,
			);
			defaultConfigurationIsVisible = 0;
			defaultConfigurationName = Release;
		};
		9F781EBA25A6919000FE5A45 /* Build configuration list for PBXNativeTarget "Prework Tipper" */ = {
			isa = XCConfigurationList;
			buildConfigurations = (
				9F781EBB25A6919000FE5A45 /* Debug */,
				9F781EBC25A6919000FE5A45 /* Release */,
			);
			defaultConfigurationIsVisible = 0;
			defaultConfigurationName = Release;
		};
		9F781EBD25A6919000FE5A45 /* Build configuration list for PBXNativeTarget "Prework TipperTests" */ = {
			isa = XCConfigurationList;
			buildConfigurations = (
				9F781EBE25A6919000FE5A45 /* Debug */,
				9F781EBF25A6919000FE5A45 /* Release */,
			);
			defaultConfigurationIsVisible = 0;
			defaultConfigurationName = Release;
		};
		9F781EC025A6919000FE5A45 /* Build configuration list for PBXNativeTarget "Prework TipperUITests" */ = {
			isa = XCConfigurationList;
			buildConfigurations = (
				9F781EC125A6919000FE5A45 /* Debug */,
				9F781EC225A6919000FE5A45 /* Release */,
			);
			defaultConfigurationIsVisible = 0;
			defaultConfigurationName = Release;
		};
/* End XCConfigurationList section */
	};
	rootObject = 9F781E8825A6918D00FE5A45 /* Project object */;
}
